
Microsoft Visual Studio Solution File, Format Version 12.00
# Visual Studio Version 17
VisualStudioVersion = 17.1.32228.430
MinimumVisualStudioVersion = 10.0.40219.1
Project("{FAE04EC0-301F-11D3-BF4B-00C04F79EFBC}") = "MathTaskClassLibrary", "MathTaskClassLibrary\MathTaskClassLibrary.csproj", "{19050C89-F628-45DA-99A5-A14A075DEDF7}"
EndProject
Project("{FAE04EC0-301F-11D3-BF4B-00C04F79EFBC}") = "MathTaskClassLibraryTests", "MathTaskClassLibraryTests\MathTaskClassLibraryTests.csproj", "{BF9D08D8-ACEE-428D-9353-F1DEC7A1FF59}"
EndProject
Global
	GlobalSection(SolutionConfigurationPlatforms) = preSolution
		Debug|Any CPU = Debug|Any CPU
		Release|Any CPU = Release|Any CPU
	EndGlobalSection
	GlobalSection(ProjectConfigurationPlatforms) = postSolution
		{19050C89-F628-45DA-99A5-A14A075DEDF7}.Debug|Any CPU.ActiveCfg = Debug|Any CPU
		{19050C89-F628-45DA-99A5-A14A075DEDF7}.Debug|Any CPU.Build.0 = Debug|Any CPU
		{19050C89-F628-45DA-99A5-A14A075DEDF7}.Release|Any CPU.ActiveCfg = Release|Any CPU
		{19050C89-F628-45DA-99A5-A14A075DEDF7}.Release|Any CPU.Build.0 = Release|Any CPU
		{BF9D08D8-ACEE-428D-9353-F1DEC7A1FF59}.Debug|Any CPU.ActiveCfg = Debug|Any CPU
		{BF9D08D8-ACEE-428D-9353-F1DEC7A1FF59}.Debug|Any CPU.Build.0 = Debug|Any CPU
		{BF9D08D8-ACEE-428D-9353-F1DEC7A1FF59}.Release|Any CPU.ActiveCfg = Release|Any CPU
		{BF9D08D8-ACEE-428D-9353-F1DEC7A1FF59}.Release|Any CPU.Build.0 = Release|Any CPU
	EndGlobalSection
	GlobalSection(SolutionProperties) = preSolution
		HideSolutionNode = FALSE
	EndGlobalSection
	GlobalSection(ExtensibilityGlobals) = postSolution
		SolutionGuid = {CB9A29DD-19F8-4DCE-8E1C-8A2225C4D100}
	EndGlobalSection
EndGlobal
